
Microsoft Visual Studio Solution File, Format Version 12.00
# Visual Studio 2013
VisualStudioVersion = 12.0.30723.0
MinimumVisualStudioVersion = 10.0.40219.1
Project("{FAE04EC0-301F-11D3-BF4B-00C04F79EFBC}") = "TextStatsLambda-DigitalRoot", "TextStatsLambda-DigitalRoot\TextStatsLambda-DigitalRoot.csproj", "{181AB1CF-6E8A-4D1F-8BDE-E4EE21CC95EF}"
EndProject
Project("{2150E333-8FDC-42A3-9474-1A3956D46DE8}") = ".nuget", ".nuget", "{52E942DF-17B1-41EB-BC0D-C32E473B74D0}"
	ProjectSection(SolutionItems) = preProject
		.nuget\packages.config = .nuget\packages.config
	EndProjectSection
EndProject
Global
	GlobalSection(SolutionConfigurationPlatforms) = preSolution
		Debug|Any CPU = Debug|Any CPU
		Release|Any CPU = Release|Any CPU
	EndGlobalSection
	GlobalSection(ProjectConfigurationPlatforms) = postSolution
		{181AB1CF-6E8A-4D1F-8BDE-E4EE21CC95EF}.Debug|Any CPU.ActiveCfg = Debug|Any CPU
		{181AB1CF-6E8A-4D1F-8BDE-E4EE21CC95EF}.Debug|Any CPU.Build.0 = Debug|Any CPU
		{181AB1CF-6E8A-4D1F-8BDE-E4EE21CC95EF}.Release|Any CPU.ActiveCfg = Release|Any CPU
		{181AB1CF-6E8A-4D1F-8BDE-E4EE21CC95EF}.Release|Any CPU.Build.0 = Release|Any CPU
	EndGlobalSection
	GlobalSection(SolutionProperties) = preSolution
		HideSolutionNode = FALSE
	EndGlobalSection
EndGlobal
